
Microsoft Visual Studio Solution File, Format Version 12.00
# Visual Studio Version 16
VisualStudioVersion = 16.0.30717.126
MinimumVisualStudioVersion = 10.0.40219.1
Project("{FAE04EC0-301F-11D3-BF4B-00C04F79EFBC}") = "SISCLINICO", "SISCLINICO\SISCLINICO.csproj", "{4E5D84F9-E83A-40B8-B5B8-BCD1CDFB0CE5}"
EndProject
Global
	GlobalSection(SolutionConfigurationPlatforms) = preSolution
		Debug|Any CPU = Debug|Any CPU
		Release|Any CPU = Release|Any CPU
	EndGlobalSection
	GlobalSection(ProjectConfigurationPlatforms) = postSolution
		{4E5D84F9-E83A-40B8-B5B8-BCD1CDFB0CE5}.Debug|Any CPU.ActiveCfg = Debug|Any CPU
		{4E5D84F9-E83A-40B8-B5B8-BCD1CDFB0CE5}.Debug|Any CPU.Build.0 = Debug|Any CPU
		{4E5D84F9-E83A-40B8-B5B8-BCD1CDFB0CE5}.Release|Any CPU.ActiveCfg = Release|Any CPU
		{4E5D84F9-E83A-40B8-B5B8-BCD1CDFB0CE5}.Release|Any CPU.Build.0 = Release|Any CPU
	EndGlobalSection
	GlobalSection(SolutionProperties) = preSolution
		HideSolutionNode = FALSE
	EndGlobalSection
	GlobalSection(ExtensibilityGlobals) = postSolution
		SolutionGuid = {527C8DB8-FCE9-482F-8307-2ABE5164EE0E}
	EndGlobalSection
EndGlobal
